PODS:
  - Faraday (0.4.1)
  - HypertextApplicationLanguage (0.2.3)

DEPENDENCIES:
  - Faraday (~> 0.4.0)
  - HypertextApplicationLanguage (~> 0.2.0)

SPEC CHECKSUMS:
  Faraday: 955e7db884f0d93fafdef7b60a380bd15c1c29b4
  HypertextApplicationLanguage: f12f957aab11fd56060af9815d65849673833071

PODFILE CHECKSUM: 0a474b1988425fb00fb8e000d78efcbb0a5c058c

COCOAPODS: 1.1.0.beta.1
